
Microsoft Visual Studio Solution File, Format Version 12.00
# Visual Studio Version 17
VisualStudioVersion = 17.4.33213.308
MinimumVisualStudioVersion = 10.0.40219.1
Project("{8BC9CEB8-8B4A-11D0-8D11-00A0C91BC942}") = "FlowerGame", "FlowerGame\FlowerGame.vcxproj", "{DC2B3CDA-BE76-49AA-8C15-7ED852B75A39}"
EndProject
Global
	GlobalSection(SolutionConfigurationPlatforms) = preSolution
		Debug|x64 = Debug|x64
		Debug|x86 = Debug|x86
		Release|x64 = Release|x64
		Release|x86 = Release|x86
	EndGlobalSection
	GlobalSection(ProjectConfigurationPlatforms) = postSolution
		{DC2B3CDA-BE76-49AA-8C15-7ED852B75A39}.Debug|x64.ActiveCfg = Debug|x64
		{DC2B3CDA-BE76-49AA-8C15-7ED852B75A39}.Debug|x64.Build.0 = Debug|x64
		{DC2B3CDA-BE76-49AA-8C15-7ED852B75A39}.Debug|x86.ActiveCfg = Debug|Win32
		{DC2B3CDA-BE76-49AA-8C15-7ED852B75A39}.Debug|x86.Build.0 = Debug|Win32
		{DC2B3CDA-BE76-49AA-8C15-7ED852B75A39}.Release|x64.ActiveCfg = Release|x64
		{DC2B3CDA-BE76-49AA-8C15-7ED852B75A39}.Release|x64.Build.0 = Release|x64
		{DC2B3CDA-BE76-49AA-8C15-7ED852B75A39}.Release|x86.ActiveCfg = Release|Win32
		{DC2B3CDA-BE76-49AA-8C15-7ED852B75A39}.Release|x86.Build.0 = Release|Win32
	EndGlobalSection
	GlobalSection(SolutionProperties) = preSolution
		HideSolutionNode = FALSE
	EndGlobalSection
	GlobalSection(ExtensibilityGlobals) = postSolution
		SolutionGuid = {7D2CA96D-09C2-46E7-8C30-947B9DB68331}
	EndGlobalSection
EndGlobal
